// !$*UTF8*$!
{
	archiveVersion = 1;
	classes = {
	};
	objectVersion = 46;
	objects = {

/* Begin PBXBuildFile section */
		48AEACCD1C99074F00252818 /* AppDelegate.swift in Sources */ = {isa = PBXBuildFile; fileRef = 48AEACCC1C99074F00252818 /* AppDelegate.swift */; };
		48AEACCF1C99074F00252818 /* ViewController.swift in Sources */ = {isa = PBXBuildFile; fileRef = 48AEACCE1C99074F00252818 /* ViewController.swift */; };
		48AEACD21C99074F00252818 /* Main.storyboard in Resources */ = {isa = PBXBuildFile; fileRef = 48AEACD01C99074F00252818 /* Main.storyboard */; };
		48AEACD41C99074F00252818 /* Assets.xcassets in Resources */ = {isa = PBXBuildFile; fileRef = 48AEACD31C99074F00252818 /* Assets.xcassets */; };
		48AEACD71C99074F00252818 /* LaunchScreen.storyboard in Resources */ = {isa = PBXBuildFile; fileRef = 48AEACD51C99074F00252818 /* LaunchScreen.storyboard */; };
		48AEACE21C99106B00252818 /* FTDateTextField.swift in Sources */ = {isa = PBXBuildFile; fileRef = 48AEACE11C99106B00252818 /* FTDateTextField.swift */; };
		48AEACE41C9913E900252818 /* FTFoodUnitTextField.swift in Sources */ = {isa = PBXBuildFile; fileRef = 48AEACE31C9913E900252818 /* FTFoodUnitTextField.swift */; };
		48AEACE61C99176100252818 /* FTDoneTextField.swift in Sources */ = {isa = PBXBuildFile; fileRef = 48AEACE51C99176100252818 /* FTDoneTextField.swift */; };
		48AEACE81C99344800252818 /* Extension.swift in Sources */ = {isa = PBXBuildFile; fileRef = 48AEACE71C99344800252818 /* Extension.swift */; };
		48AEACEA1C9941DA00252818 /* FTPickerTextField.swift in Sources */ = {isa = PBXBuildFile; fileRef = 48AEACE91C9941DA00252818 /* FTPickerTextField.swift */; };
/* End PBXBuildFile section */

/* Begin PBXFileReference section */
		48AEACC91C99074F00252818 /* TryDoneDatePicker.app */ = {isa = PBXFileReference; explicitFileType = wrapper.application; includeInIndex = 0; path = TryDoneDatePicker.app; sourceTree = BUILT_PRODUCTS_DIR; };
		48AEACCC1C99074F00252818 /* AppDelegate.swift */ = {isa = PBXFileReference; lastKnownFileType = sourcecode.swift; path = AppDelegate.swift; sourceTree = "<group>"; };
		48AEACCE1C99074F00252818 /* ViewController.swift */ = {isa = PBXFileReference; lastKnownFileType = sourcecode.swift; path = ViewController.swift; sourceTree = "<group>"; };
		48AEACD11C99074F00252818 /* Base */ = {isa = PBXFileReference; lastKnownFileType = file.storyboard; name = Base; path = Base.lproj/Main.storyboard; sourceTree = "<group>"; };
		48AEACD31C99074F00252818 /* Assets.xcassets */ = {isa = PBXFileReference; lastKnownFileType = folder.assetcatalog; path = Assets.xcassets; sourceTree = "<group>"; };
		48AEACD61C99074F00252818 /* Base */ = {isa = PBXFileReference; lastKnownFileType = file.storyboard; name = Base; path = Base.lproj/LaunchScreen.storyboard; sourceTree = "<group>"; };
		48AEACD81C99074F00252818 /* Info.plist */ = {isa = PBXFileReference; lastKnownFileType = text.plist.xml; path = Info.plist; sourceTree = "<group>"; };
		48AEACE11C99106B00252818 /* FTDateTextField.swift */ = {isa = PBXFileReference; fileEncoding = 4; lastKnownFileType = sourcecode.swift; path = FTDateTextField.swift; sourceTree = "<group>"; };
		48AEACE31C9913E900252818 /* FTFoodUnitTextField.swift */ = {isa = PBXFileReference; fileEncoding = 4; lastKnownFileType = sourcecode.swift; path = FTFoodUnitTextField.swift; sourceTree = "<group>"; };
		48AEACE51C99176100252818 /* FTDoneTextField.swift */ = {isa = PBXFileReference; fileEncoding = 4; lastKnownFileType = sourcecode.swift; path = FTDoneTextField.swift; sourceTree = "<group>"; };
		48AEACE71C99344800252818 /* Extension.swift */ = {isa = PBXFileReference; fileEncoding = 4; lastKnownFileType = sourcecode.swift; path = Extension.swift; sourceTree = "<group>"; };
		48AEACE91C9941DA00252818 /* FTPickerTextField.swift */ = {isa = PBXFileReference; fileEncoding = 4; lastKnownFileType = sourcecode.swift; path = FTPickerTextField.swift; sourceTree = "<group>"; };
/* End PBXFileReference section */

/* Begin PBXFrameworksBuildPhase section */
		48AEACC61C99074F00252818 /* Frameworks */ = {
			isa = PBXFrameworksBuildPhase;
			buildActionMask = 2147483647;
			files = (
			);
			runOnlyForDeploymentPostprocessing = 0;
		};
/* End PBXFrameworksBuildPhase section */

/* Begin PBXGroup section */
		48AEACC01C99074F00252818 = {
			isa = PBXGroup;
			children = (
				48AEACCB1C99074F00252818 /* TryDoneDatePicker */,
				48AEACCA1C99074F00252818 /* Products */,
			);
			sourceTree = "<group>";
		};
		48AEACCA1C99074F00252818 /* Products */ = {
			isa = PBXGroup;
			children = (
				48AEACC91C99074F00252818 /* TryDoneDatePicker.app */,
			);
			name = Products;
			sourceTree = "<group>";
		};
		48AEACCB1C99074F00252818 /* TryDoneDatePicker */ = {
			isa = PBXGroup;
			children = (
				48AEACCC1C99074F00252818 /* AppDelegate.swift */,
				48AEACCE1C99074F00252818 /* ViewController.swift */,
				48AEACD01C99074F00252818 /* Main.storyboard */,
				48AEACD31C99074F00252818 /* Assets.xcassets */,
				48AEACD51C99074F00252818 /* LaunchScreen.storyboard */,
				48AEACD81C99074F00252818 /* Info.plist */,
				48AEACE11C99106B00252818 /* FTDateTextField.swift */,
				48AEACE31C9913E900252818 /* FTFoodUnitTextField.swift */,
				48AEACE51C99176100252818 /* FTDoneTextField.swift */,
				48AEACE71C99344800252818 /* Extension.swift */,
				48AEACE91C9941DA00252818 /* FTPickerTextField.swift */,
			);
			path = TryDoneDatePicker;
			sourceTree = "<group>";
		};
/* End PBXGroup section */

/* Begin PBXNativeTarget section */
		48AEACC81C99074F00252818 /* TryDoneDatePicker */ = {
			isa = PBXNativeTarget;
			buildConfigurationList = 48AEACDB1C99074F00252818 /* Build configuration list for PBXNativeTarget "TryDoneDatePicker" */;
			buildPhases = (
				48AEACC51C99074F00252818 /* Sources */,
				48AEACC61C99074F00252818 /* Frameworks */,
				48AEACC71C99074F00252818 /* Resources */,
			);
			buildRules = (
			);
			dependencies = (
			);
			name = TryDoneDatePicker;
			productName = TryDoneDatePicker;
			productReference = 48AEACC91C99074F00252818 /* TryDoneDatePicker.app */;
			productType = "com.apple.product-type.application";
		};
/* End PBXNativeTarget section */

/* Begin PBXProject section */
		48AEACC11C99074F00252818 /* Project object */ = {
			isa = PBXProject;
			attributes = {
				LastSwiftUpdateCheck = 0720;
				LastUpgradeCheck = 0720;
				ORGANIZATIONNAME = ChuroCat;
				TargetAttributes = {
					48AEACC81C99074F00252818 = {
						CreatedOnToolsVersion = 7.2.1;
					};
				};
			};
			buildConfigurationList = 48AEACC41C99074F00252818 /* Build configuration list for PBXProject "TryDoneDatePicker" */;
			compatibilityVersion = "Xcode 3.2";
			developmentRegion = English;
			hasScannedForEncodings = 0;
			knownRegions = (
				en,
				Base,
			);
			mainGroup = 48AEACC01C99074F00252818;
			productRefGroup = 48AEACCA1C99074F00252818 /* Products */;
			projectDirPath = "";
			projectRoot = "";
			targets = (
				48AEACC81C99074F00252818 /* TryDoneDatePicker */,
			);
		};
/* End PBXProject section */

/* Begin PBXResourcesBuildPhase section */
		48AEACC71C99074F00252818 /* Resources */ = {
			isa = PBXResourcesBuildPhase;
			buildActionMask = 2147483647;
			files = (
				48AEACD71C99074F00252818 /* LaunchScreen.storyboard in Resources */,
				48AEACD41C99074F00252818 /* Assets.xcassets in Resources */,
				48AEACD21C99074F00252818 /* Main.storyboard in Resources */,
			);
			runOnlyForDeploymentPostprocessing = 0;
		};
/* End PBXResourcesBuildPhase section */

/* Begin PBXSourcesBuildPhase section */
		48AEACC51C99074F00252818 /* Sources */ = {
			isa = PBXSourcesBuildPhase;
			buildActionMask = 2147483647;
			files = (
				48AEACCF1C99074F00252818 /* ViewController.swift in Sources */,
				48AEACE61C99176100252818 /* FTDoneTextField.swift in Sources */,
				48AEACEA1C9941DA00252818 /* FTPickerTextField.swift in Sources */,
				48AEACE21C99106B00252818 /* FTDateTextField.swift in Sources */,
				48AEACE81C99344800252818 /* Extension.swift in Sources */,
				48AEACCD1C99074F00252818 /* AppDelegate.swift in Sources */,
				48AEACE41C9913E900252818 /* FTFoodUnitTextField.swift in Sources */,
			);
			runOnlyForDeploymentPostprocessing = 0;
		};
/* End PBXSourcesBuildPhase section */

/* Begin PBXVariantGroup section */
		48AEACD01C99074F00252818 /* Main.storyboard */ = {
			isa = PBXVariantGroup;
			children = (
				48AEACD11C99074F00252818 /* Base */,
			);
			name = Main.storyboard;
			sourceTree = "<group>";
		};
		48AEACD51C99074F00252818 /* LaunchScreen.storyboard */ = {
			isa = PBXVariantGroup;
			children = (
				48AEACD61C99074F00252818 /* Base */,
			);
			name = LaunchScreen.storyboard;
			sourceTree = "<group>";
		};
/* End PBXVariantGroup section */

/* Begin XCBuildConfiguration section */
		48AEACD91C99074F00252818 /* Debug */ = {
			isa = XCBuildConfiguration;
			buildSettings = {
				ALWAYS_SEARCH_USER_PATHS = NO;
				CLANG_CXX_LANGUAGE_STANDARD = "gnu++0x";
				CLANG_CXX_LIBRARY = "libc++";
				CLANG_ENABLE_MODULES = YES;
				CLANG_ENABLE_OBJC_ARC = YES;
				CLANG_WARN_BOOL_CONVERSION = YES;
				CLANG_WARN_CONSTANT_CONVERSION = YES;
				CLANG_WARN_DIRECT_OBJC_ISA_USAGE = YES_ERROR;
				CLANG_WARN_EMPTY_BODY = YES;
				CLANG_WARN_ENUM_CONVERSION = YES;
				CLANG_WARN_INT_CONVERSION = YES;
				CLANG_WARN_OBJC_ROOT_CLASS = YES_ERROR;
				CLANG_WARN_UNREACHABLE_CODE = YES;
				CLANG_WARN__DUPLICATE_METHOD_MATCH = YES;
				"CODE_SIGN_IDENTITY[sdk=iphoneos*]" = "iPhone Developer";
				COPY_PHASE_STRIP = NO;
				DEBUG_INFORMATION_FORMAT = dwarf;
				ENABLE_STRICT_OBJC_MSGSEND = YES;
				ENABLE_TESTABILITY = YES;
				GCC_C_LANGUAGE_STANDARD = gnu99;
				GCC_DYNAMIC_NO_PIC = NO;
				GCC_NO_COMMON_BLOCKS = YES;
				GCC_OPTIMIZATION_LEVEL = 0;
				GCC_PREPROCESSOR_DEFINITIONS = (
					"DEBUG=1",
					"$(inherited)",
				);
				GCC_WARN_64_TO_32_BIT_CONVERSION = YES;
				GCC_WARN_ABOUT_RETURN_TYPE = YES_ERROR;
				GCC_WARN_UNDECLARED_SELECTOR = YES;
				GCC_WARN_UNINITIALIZED_AUTOS = YES_AGGRESSIVE;
				GCC_WARN_UNUSED_FUNCTION = YES;
				GCC_WARN_UNUSED_VARIABLE = YES;
				IPHONEOS_DEPLOYMENT_TARGET = 9.2;
				MTL_ENABLE_DEBUG_INFO = YES;
				ONLY_ACTIVE_ARCH = YES;
				SDKROOT = iphoneos;
				SWIFT_OPTIMIZATION_LEVEL = "-Onone";
				TARGETED_DEVICE_FAMILY = "1,2";
			};
			name = Debug;
		};
		48AEACDA1C99074F00252818 /* Release */ = {
			isa = XCBuildConfiguration;
			buildSettings = {
				ALWAYS_SEARCH_USER_PATHS = NO;
				CLANG_CXX_LANGUAGE_STANDARD = "gnu++0x";
				CLANG_CXX_LIBRARY = "libc++";
				CLANG_ENABLE_MODULES = YES;
				CLANG_ENABLE_OBJC_ARC = YES;
				CLANG_WARN_BOOL_CONVERSION = YES;
				CLANG_WARN_CONSTANT_CONVERSION = YES;
				CLANG_WARN_DIRECT_OBJC_ISA_USAGE = YES_ERROR;
				CLANG_WARN_EMPTY_BODY = YES;
				CLANG_WARN_ENUM_CONVERSION = YES;
				CLANG_WARN_INT_CONVERSION = YES;
				CLANG_WARN_OBJC_ROOT_CLASS = YES_ERROR;
				CLANG_WARN_UNREACHABLE_CODE = YES;
				CLANG_WARN__DUPLICATE_METHOD_MATCH = YES;
				"CODE_SIGN_IDENTITY[sdk=iphoneos*]" = "iPhone Developer";
				COPY_PHASE_STRIP = NO;
				DEBUG_INFORMATION_FORMAT = "dwarf-with-dsym";
				ENABLE_NS_ASSERTIONS = NO;
				ENABLE_STRICT_OBJC_MSGSEND = YES;
				GCC_C_LANGUAGE_STANDARD = gnu99;
				GCC_NO_COMMON_BLOCKS = YES;
				GCC_WARN_64_TO_32_BIT_CONVERSION = YES;
				GCC_WARN_ABOUT_RETURN_TYPE = YES_ERROR;
				GCC_WARN_UNDECLARED_SELECTOR = YES;
				GCC_WARN_UNINITIALIZED_AUTOS = YES_AGGRESSIVE;
				GCC_WARN_UNUSED_FUNCTION = YES;
				GCC_WARN_UNUSED_VARIABLE = YES;
				IPHONEOS_DEPLOYMENT_TARGET = 9.2;
				MTL_ENABLE_DEBUG_INFO = NO;
				SDKROOT = iphoneos;
				TARGETED_DEVICE_FAMILY = "1,2";
				VALIDATE_PRODUCT = YES;
			};
			name = Release;
		};
		48AEACDC1C99074F00252818 /* Debug */ = {
			isa = XCBuildConfiguration;
			buildSettings = {
				ASSETCATALOG_COMPILER_APPICON_NAME = AppIcon;
				INFOPLIST_FILE = TryDoneDatePicker/Info.plist;
				IPHONEOS_DEPLOYMENT_TARGET = 8.3;
				LD_RUNPATH_SEARCH_PATHS = "$(inherited) @executable_path/Frameworks";
				PRODUCT_BUNDLE_IDENTIFIER = com.churocat.TryDoneDatePicker;
				PRODUCT_NAME = "$(TARGET_NAME)";
			};
			name = Debug;
		};
		48AEACDD1C99074F00252818 /* Release */ = {
			isa = XCBuildConfiguration;
			buildSettings = {
				ASSETCATALOG_COMPILER_APPICON_NAME = AppIcon;
				INFOPLIST_FILE = TryDoneDatePicker/Info.plist;
				IPHONEOS_DEPLOYMENT_TARGET = 8.3;
				LD_RUNPATH_SEARCH_PATHS = "$(inherited) @executable_path/Frameworks";
				PRODUCT_BUNDLE_IDENTIFIER = com.churocat.TryDoneDatePicker;
				PRODUCT_NAME = "$(TARGET_NAME)";
			};
			name = Release;
		};
/* End XCBuildConfiguration section */

/* Begin XCConfigurationList section */
		48AEACC41C99074F00252818 /* Build configuration list for PBXProject "TryDoneDatePicker" */ = {
			isa = XCConfigurationList;
			buildConfigurations = (
				48AEACD91C99074F00252818 /* Debug */,
				48AEACDA1C99074F00252818 /* Release */,
			);
			defaultConfigurationIsVisible = 0;
			defaultConfigurationName = Release;
		};
		48AEACDB1C99074F00252818 /* Build configuration list for PBXNativeTarget "TryDoneDatePicker" */ = {
			isa = XCConfigurationList;
			buildConfigurations = (
				48AEACDC1C99074F00252818 /* Debug */,
				48AEACDD1C99074F00252818 /* Release */,
			);
			defaultConfigurationIsVisible = 0;
		};
/* End XCConfigurationList section */
	};
	rootObject = 48AEACC11C99074F00252818 /* Project object */;
}
